// !$*UTF8*$!
{
	archiveVersion = 1;
	classes = {
	};
	objectVersion = 56;
	objects = {

/* Begin PBXBuildFile section */
		6137D0C02ACD8B6300185A71 /* AppDelegate.swift in Sources */ = {isa = PBXBuildFile; fileRef = 6137D0BF2ACD8B6300185A71 /* AppDelegate.swift */; };
		6137D0C22ACD8B6300185A71 /* SceneDelegate.swift in Sources */ = {isa = PBXBuildFile; fileRef = 6137D0C12ACD8B6300185A71 /* SceneDelegate.swift */; };
		6137D0C42ACD8B6300185A71 /* ViewController.swift in Sources */ = {isa = PBXBuildFile; fileRef = 6137D0C32ACD8B6300185A71 /* ViewController.swift */; };
		6137D0C92ACD8B6300185A71 /* Assets.xcassets in Resources */ = {isa = PBXBuildFile; fileRef = 6137D0C82ACD8B6300185A71 /* Assets.xcassets */; };
		6137D0CC2ACD8B6300185A71 /* LaunchScreen.storyboard in Resources */ = {isa = PBXBuildFile; fileRef = 6137D0CA2ACD8B6300185A71 /* LaunchScreen.storyboard */; };
		C415BC2C2AD15FEE000BCC1B /* NoteModel.swift in Sources */ = {isa = PBXBuildFile; fileRef = C415BC2B2AD15FEE000BCC1B /* NoteModel.swift */; };
		C415BC2E2AD16009000BCC1B /* UserModel.swift in Sources */ = {isa = PBXBuildFile; fileRef = C415BC2D2AD16009000BCC1B /* UserModel.swift */; };
		C415BC302AD16029000BCC1B /* ToDoModel.swift in Sources */ = {isa = PBXBuildFile; fileRef = C415BC2F2AD16029000BCC1B /* ToDoModel.swift */; };
		E25A55772AD2F69400F2A6C7 /* UIColor + Ext.swift in Sources */ = {isa = PBXBuildFile; fileRef = E25A55762AD2F69400F2A6C7 /* UIColor + Ext.swift */; };
		E25A55792AD2F85700F2A6C7 /* UIImage + Ext.swift in Sources */ = {isa = PBXBuildFile; fileRef = E25A55782AD2F85700F2A6C7 /* UIImage + Ext.swift */; };
/* End PBXBuildFile section */

/* Begin PBXFileReference section */
		6137D0BC2ACD8B6300185A71 /* Notes.app */ = {isa = PBXFileReference; explicitFileType = wrapper.application; includeInIndex = 0; path = Notes.app; sourceTree = BUILT_PRODUCTS_DIR; };
		6137D0BF2ACD8B6300185A71 /* AppDelegate.swift */ = {isa = PBXFileReference; lastKnownFileType = sourcecode.swift; path = AppDelegate.swift; sourceTree = "<group>"; };
		6137D0C12ACD8B6300185A71 /* SceneDelegate.swift */ = {isa = PBXFileReference; lastKnownFileType = sourcecode.swift; path = SceneDelegate.swift; sourceTree = "<group>"; };
		6137D0C32ACD8B6300185A71 /* ViewController.swift */ = {isa = PBXFileReference; lastKnownFileType = sourcecode.swift; path = ViewController.swift; sourceTree = "<group>"; };
		6137D0C82ACD8B6300185A71 /* Assets.xcassets */ = {isa = PBXFileReference; lastKnownFileType = folder.assetcatalog; path = Assets.xcassets; sourceTree = "<group>"; };
		6137D0CB2ACD8B6300185A71 /* Base */ = {isa = PBXFileReference; lastKnownFileType = file.storyboard; name = Base; path = Base.lproj/LaunchScreen.storyboard; sourceTree = "<group>"; };
		6137D0CD2ACD8B6300185A71 /* Info.plist */ = {isa = PBXFileReference; lastKnownFileType = text.plist.xml; path = Info.plist; sourceTree = "<group>"; };
		C415BC2B2AD15FEE000BCC1B /* NoteModel.swift */ = {isa = PBXFileReference; lastKnownFileType = sourcecode.swift; path = NoteModel.swift; sourceTree = "<group>"; };
		C415BC2D2AD16009000BCC1B /* UserModel.swift */ = {isa = PBXFileReference; lastKnownFileType = sourcecode.swift; path = UserModel.swift; sourceTree = "<group>"; };
		C415BC2F2AD16029000BCC1B /* ToDoModel.swift */ = {isa = PBXFileReference; lastKnownFileType = sourcecode.swift; path = ToDoModel.swift; sourceTree = "<group>"; };
		E25A55762AD2F69400F2A6C7 /* UIColor + Ext.swift */ = {isa = PBXFileReference; lastKnownFileType = sourcecode.swift; path = "UIColor + Ext.swift"; sourceTree = "<group>"; };
		E25A55782AD2F85700F2A6C7 /* UIImage + Ext.swift */ = {isa = PBXFileReference; lastKnownFileType = sourcecode.swift; path = "UIImage + Ext.swift"; sourceTree = "<group>"; };
/* End PBXFileReference section */

/* Begin PBXFrameworksBuildPhase section */
		6137D0B92ACD8B6300185A71 /* Frameworks */ = {
			isa = PBXFrameworksBuildPhase;
			buildActionMask = 2147483647;
			files = (
			);
			runOnlyForDeploymentPostprocessing = 0;
		};
/* End PBXFrameworksBuildPhase section */

/* Begin PBXGroup section */
		6137D0B32ACD8B6300185A71 = {
			isa = PBXGroup;
			children = (
				6137D0BE2ACD8B6300185A71 /* Notes */,
				6137D0BD2ACD8B6300185A71 /* Products */,
			);
			sourceTree = "<group>";
		};
		6137D0BD2ACD8B6300185A71 /* Products */ = {
			isa = PBXGroup;
			children = (
				6137D0BC2ACD8B6300185A71 /* Notes.app */,
			);
			name = Products;
			sourceTree = "<group>";
		};
		6137D0BE2ACD8B6300185A71 /* Notes */ = {
			isa = PBXGroup;
			children = (
				E25A557E2AD2FC0700F2A6C7 /* NotesFlow */,
				E25A557D2AD2FBFE00F2A6C7 /* ProfileFlow */,
				E25A557C2AD2FBF700F2A6C7 /* AuthFlow */,
				E25A557B2AD2FBEE00F2A6C7 /* HelpFlow */,
				E25A557A2AD2FBE400F2A6C7 /* Helpers */,
				C415BC2A2AD15FCA000BCC1B /* Models */,
				6137D0BF2ACD8B6300185A71 /* AppDelegate.swift */,
				6137D0C12ACD8B6300185A71 /* SceneDelegate.swift */,
				6137D0C32ACD8B6300185A71 /* ViewController.swift */,
				6137D0C82ACD8B6300185A71 /* Assets.xcassets */,
				6137D0CA2ACD8B6300185A71 /* LaunchScreen.storyboard */,
				6137D0CD2ACD8B6300185A71 /* Info.plist */,
			);
			path = Notes;
			sourceTree = "<group>";
		};
		C415BC2A2AD15FCA000BCC1B /* Models */ = {
			isa = PBXGroup;
			children = (
				C415BC2B2AD15FEE000BCC1B /* NoteModel.swift */,
				C415BC2F2AD16029000BCC1B /* ToDoModel.swift */,
				C415BC2D2AD16009000BCC1B /* UserModel.swift */,
			);
			path = Models;
			sourceTree = "<group>";
		};
		E25A557A2AD2FBE400F2A6C7 /* Helpers */ = {
			isa = PBXGroup;
			children = (
				E25A55762AD2F69400F2A6C7 /* UIColor + Ext.swift */,
				E25A55782AD2F85700F2A6C7 /* UIImage + Ext.swift */,
			);
			path = Helpers;
			sourceTree = "<group>";
		};
		E25A557B2AD2FBEE00F2A6C7 /* HelpFlow */ = {
			isa = PBXGroup;
			children = (
			);
			path = HelpFlow;
			sourceTree = "<group>";
		};
		E25A557C2AD2FBF700F2A6C7 /* AuthFlow */ = {
			isa = PBXGroup;
			children = (
			);
			path = AuthFlow;
			sourceTree = "<group>";
		};
		E25A557D2AD2FBFE00F2A6C7 /* ProfileFlow */ = {
			isa = PBXGroup;
			children = (
			);
			path = ProfileFlow;
			sourceTree = "<group>";
		};
		E25A557E2AD2FC0700F2A6C7 /* NotesFlow */ = {
			isa = PBXGroup;
			children = (
			);
			path = NotesFlow;
			sourceTree = "<group>";
		};
/* End PBXGroup section */

/* Begin PBXNativeTarget section */
		6137D0BB2ACD8B6300185A71 /* Notes */ = {
			isa = PBXNativeTarget;
			buildConfigurationList = 6137D0D02ACD8B6300185A71 /* Build configuration list for PBXNativeTarget "Notes" */;
			buildPhases = (
				6137D0B82ACD8B6300185A71 /* Sources */,
				6137D0B92ACD8B6300185A71 /* Frameworks */,
				6137D0BA2ACD8B6300185A71 /* Resources */,
			);
			buildRules = (
			);
			dependencies = (
			);
			name = Notes;
			productName = Notes;
			productReference = 6137D0BC2ACD8B6300185A71 /* Notes.app */;
			productType = "com.apple.product-type.application";
		};
/* End PBXNativeTarget section */

/* Begin PBXProject section */
		6137D0B42ACD8B6300185A71 /* Project object */ = {
			isa = PBXProject;
			attributes = {
				BuildIndependentTargetsInParallel = 1;
				LastSwiftUpdateCheck = 1430;
				LastUpgradeCheck = 1430;
				TargetAttributes = {
					6137D0BB2ACD8B6300185A71 = {
						CreatedOnToolsVersion = 14.3.1;
					};
				};
			};
			buildConfigurationList = 6137D0B72ACD8B6300185A71 /* Build configuration list for PBXProject "Notes" */;
			compatibilityVersion = "Xcode 14.0";
			developmentRegion = en;
			hasScannedForEncodings = 0;
			knownRegions = (
				en,
				Base,
			);
			mainGroup = 6137D0B32ACD8B6300185A71;
			productRefGroup = 6137D0BD2ACD8B6300185A71 /* Products */;
			projectDirPath = "";
			projectRoot = "";
			targets = (
				6137D0BB2ACD8B6300185A71 /* Notes */,
			);
		};
/* End PBXProject section */

/* Begin PBXResourcesBuildPhase section */
		6137D0BA2ACD8B6300185A71 /* Resources */ = {
			isa = PBXResourcesBuildPhase;
			buildActionMask = 2147483647;
			files = (
				6137D0CC2ACD8B6300185A71 /* LaunchScreen.storyboard in Resources */,
				6137D0C92ACD8B6300185A71 /* Assets.xcassets in Resources */,
			);
			runOnlyForDeploymentPostprocessing = 0;
		};
/* End PBXResourcesBuildPhase section */

/* Begin PBXSourcesBuildPhase section */
		6137D0B82ACD8B6300185A71 /* Sources */ = {
			isa = PBXSourcesBuildPhase;
			buildActionMask = 2147483647;
			files = (
				6137D0C42ACD8B6300185A71 /* ViewController.swift in Sources */,
				C415BC2C2AD15FEE000BCC1B /* NoteModel.swift in Sources */,
				E25A55772AD2F69400F2A6C7 /* UIColor + Ext.swift in Sources */,
				E25A55792AD2F85700F2A6C7 /* UIImage + Ext.swift in Sources */,
				6137D0C02ACD8B6300185A71 /* AppDelegate.swift in Sources */,
				C415BC2E2AD16009000BCC1B /* UserModel.swift in Sources */,
				6137D0C22ACD8B6300185A71 /* SceneDelegate.swift in Sources */,
				C415BC302AD16029000BCC1B /* ToDoModel.swift in Sources */,
			);
			runOnlyForDeploymentPostprocessing = 0;
		};
/* End PBXSourcesBuildPhase section */

/* Begin PBXVariantGroup section */
		6137D0CA2ACD8B6300185A71 /* LaunchScreen.storyboard */ = {
			isa = PBXVariantGroup;
			children = (
				6137D0CB2ACD8B6300185A71 /* Base */,
			);
			name = LaunchScreen.storyboard;
			sourceTree = "<group>";
		};
/* End PBXVariantGroup section */

/* Begin XCBuildConfiguration section */
		6137D0CE2ACD8B6300185A71 /* Debug */ = {
			isa = XCBuildConfiguration;
			buildSettings = {
				ALWAYS_SEARCH_USER_PATHS = NO;
				CLANG_ANALYZER_NONNULL = YES;
				CLANG_ANALYZER_NUMBER_OBJECT_CONVERSION = YES_AGGRESSIVE;
				CLANG_CXX_LANGUAGE_STANDARD = "gnu++20";
				CLANG_ENABLE_MODULES = YES;
				CLANG_ENABLE_OBJC_ARC = YES;
				CLANG_ENABLE_OBJC_WEAK = YES;
				CLANG_WARN_BLOCK_CAPTURE_AUTORELEASING = YES;
				CLANG_WARN_BOOL_CONVERSION = YES;
				CLANG_WARN_COMMA = YES;
				CLANG_WARN_CONSTANT_CONVERSION = YES;
				CLANG_WARN_DEPRECATED_OBJC_IMPLEMENTATIONS = YES;
				CLANG_WARN_DIRECT_OBJC_ISA_USAGE = YES_ERROR;
				CLANG_WARN_DOCUMENTATION_COMMENTS = YES;
				CLANG_WARN_EMPTY_BODY = YES;
				CLANG_WARN_ENUM_CONVERSION = YES;
				CLANG_WARN_INFINITE_RECURSION = YES;
				CLANG_WARN_INT_CONVERSION = YES;
				CLANG_WARN_NON_LITERAL_NULL_CONVERSION = YES;
				CLANG_WARN_OBJC_IMPLICIT_RETAIN_SELF = YES;
				CLANG_WARN_OBJC_LITERAL_CONVERSION = YES;
				CLANG_WARN_OBJC_ROOT_CLASS = YES_ERROR;
				CLANG_WARN_QUOTED_INCLUDE_IN_FRAMEWORK_HEADER = YES;
				CLANG_WARN_RANGE_LOOP_ANALYSIS = YES;
				CLANG_WARN_STRICT_PROTOTYPES = YES;
				CLANG_WARN_SUSPICIOUS_MOVE = YES;
				CLANG_WARN_UNGUARDED_AVAILABILITY = YES_AGGRESSIVE;
				CLANG_WARN_UNREACHABLE_CODE = YES;
				CLANG_WARN__DUPLICATE_METHOD_MATCH = YES;
				COPY_PHASE_STRIP = NO;
				DEBUG_INFORMATION_FORMAT = dwarf;
				ENABLE_STRICT_OBJC_MSGSEND = YES;
				ENABLE_TESTABILITY = YES;
				GCC_C_LANGUAGE_STANDARD = gnu11;
				GCC_DYNAMIC_NO_PIC = NO;
				GCC_NO_COMMON_BLOCKS = YES;
				GCC_OPTIMIZATION_LEVEL = 0;
				GCC_PREPROCESSOR_DEFINITIONS = (
					"DEBUG=1",
					"$(inherited)",
				);
				GCC_WARN_64_TO_32_BIT_CONVERSION = YES;
				GCC_WARN_ABOUT_RETURN_TYPE = YES_ERROR;
				GCC_WARN_UNDECLARED_SELECTOR = YES;
				GCC_WARN_UNINITIALIZED_AUTOS = YES_AGGRESSIVE;
				GCC_WARN_UNUSED_FUNCTION = YES;
				GCC_WARN_UNUSED_VARIABLE = YES;
				IPHONEOS_DEPLOYMENT_TARGET = 16.4;
				MTL_ENABLE_DEBUG_INFO = INCLUDE_SOURCE;
				MTL_FAST_MATH = YES;
				ONLY_ACTIVE_ARCH = YES;
				SDKROOT = iphoneos;
				SWIFT_ACTIVE_COMPILATION_CONDITIONS = DEBUG;
				SWIFT_OPTIMIZATION_LEVEL = "-Onone";
			};
			name = Debug;
		};
		6137D0CF2ACD8B6300185A71 /* Release */ = {
			isa = XCBuildConfiguration;
			buildSettings = {
				ALWAYS_SEARCH_USER_PATHS = NO;
				CLANG_ANALYZER_NONNULL = YES;
				CLANG_ANALYZER_NUMBER_OBJECT_CONVERSION = YES_AGGRESSIVE;
				CLANG_CXX_LANGUAGE_STANDARD = "gnu++20";
				CLANG_ENABLE_MODULES = YES;
				CLANG_ENABLE_OBJC_ARC = YES;
				CLANG_ENABLE_OBJC_WEAK = YES;
				CLANG_WARN_BLOCK_CAPTURE_AUTORELEASING = YES;
				CLANG_WARN_BOOL_CONVERSION = YES;
				CLANG_WARN_COMMA = YES;
				CLANG_WARN_CONSTANT_CONVERSION = YES;
				CLANG_WARN_DEPRECATED_OBJC_IMPLEMENTATIONS = YES;
				CLANG_WARN_DIRECT_OBJC_ISA_USAGE = YES_ERROR;
				CLANG_WARN_DOCUMENTATION_COMMENTS = YES;
				CLANG_WARN_EMPTY_BODY = YES;
				CLANG_WARN_ENUM_CONVERSION = YES;
				CLANG_WARN_INFINITE_RECURSION = YES;
				CLANG_WARN_INT_CONVERSION = YES;
				CLANG_WARN_NON_LITERAL_NULL_CONVERSION = YES;
				CLANG_WARN_OBJC_IMPLICIT_RETAIN_SELF = YES;
				CLANG_WARN_OBJC_LITERAL_CONVERSION = YES;
				CLANG_WARN_OBJC_ROOT_CLASS = YES_ERROR;
				CLANG_WARN_QUOTED_INCLUDE_IN_FRAMEWORK_HEADER = YES;
				CLANG_WARN_RANGE_LOOP_ANALYSIS = YES;
				CLANG_WARN_STRICT_PROTOTYPES = YES;
				CLANG_WARN_SUSPICIOUS_MOVE = YES;
				CLANG_WARN_UNGUARDED_AVAILABILITY = YES_AGGRESSIVE;
				CLANG_WARN_UNREACHABLE_CODE = YES;
				CLANG_WARN__DUPLICATE_METHOD_MATCH = YES;
				COPY_PHASE_STRIP = NO;
				DEBUG_INFORMATION_FORMAT = "dwarf-with-dsym";
				ENABLE_NS_ASSERTIONS = NO;
				ENABLE_STRICT_OBJC_MSGSEND = YES;
				GCC_C_LANGUAGE_STANDARD = gnu11;
				GCC_NO_COMMON_BLOCKS = YES;
				GCC_WARN_64_TO_32_BIT_CONVERSION = YES;
				GCC_WARN_ABOUT_RETURN_TYPE = YES_ERROR;
				GCC_WARN_UNDECLARED_SELECTOR = YES;
				GCC_WARN_UNINITIALIZED_AUTOS = YES_AGGRESSIVE;
				GCC_WARN_UNUSED_FUNCTION = YES;
				GCC_WARN_UNUSED_VARIABLE = YES;
				IPHONEOS_DEPLOYMENT_TARGET = 16.4;
				MTL_ENABLE_DEBUG_INFO = NO;
				MTL_FAST_MATH = YES;
				SDKROOT = iphoneos;
				SWIFT_COMPILATION_MODE = wholemodule;
				SWIFT_OPTIMIZATION_LEVEL = "-O";
				VALIDATE_PRODUCT = YES;
			};
			name = Release;
		};
		6137D0D12ACD8B6300185A71 /* Debug */ = {
			isa = XCBuildConfiguration;
			buildSettings = {
				ASSETCATALOG_COMPILER_APPICON_NAME = AppIcon;
				ASSETCATALOG_COMPILER_GLOBAL_ACCENT_COLOR_NAME = AccentColor;
				CODE_SIGN_STYLE = Automatic;
				CURRENT_PROJECT_VERSION = 1;
				DEVELOPMENT_TEAM = 4VR9A25JG8;
				GENERATE_INFOPLIST_FILE = YES;
				INFOPLIST_FILE = Notes/Info.plist;
				INFOPLIST_KEY_UIApplicationSupportsIndirectInputEvents = YES;
				INFOPLIST_KEY_UILaunchStoryboardName = LaunchScreen;
				INFOPLIST_KEY_UISupportedInterfaceOrientations = UIInterfaceOrientationPortrait;
				INFOPLIST_KEY_UISupportedInterfaceOrientations_iPad = "UIInterfaceOrientationLandscapeLeft UIInterfaceOrientationLandscapeRight UIInterfaceOrientationPortrait UIInterfaceOrientationPortraitUpsideDown";
				IPHONEOS_DEPLOYMENT_TARGET = 15.0;
				LD_RUNPATH_SEARCH_PATHS = (
					"$(inherited)",
					"@executable_path/Frameworks",
				);
				MARKETING_VERSION = 1.0;
				PRODUCT_BUNDLE_IDENTIFIER = ru.shishmakovaDaria.practicum.Notes;
				PRODUCT_NAME = "$(TARGET_NAME)";
				SUPPORTED_PLATFORMS = "iphoneos iphonesimulator";
				SUPPORTS_MACCATALYST = NO;
				SUPPORTS_MAC_DESIGNED_FOR_IPHONE_IPAD = NO;
				SWIFT_EMIT_LOC_STRINGS = YES;
				SWIFT_VERSION = 5.0;
				TARGETED_DEVICE_FAMILY = 1;
			};
			name = Debug;
		};
		6137D0D22ACD8B6300185A71 /* Release */ = {
			isa = XCBuildConfiguration;
			buildSettings = {
				ASSETCATALOG_COMPILER_APPICON_NAME = AppIcon;
				ASSETCATALOG_COMPILER_GLOBAL_ACCENT_COLOR_NAME = AccentColor;
				CODE_SIGN_STYLE = Automatic;
				CURRENT_PROJECT_VERSION = 1;
				DEVELOPMENT_TEAM = 4VR9A25JG8;
				GENERATE_INFOPLIST_FILE = YES;
				INFOPLIST_FILE = Notes/Info.plist;
				INFOPLIST_KEY_UIApplicationSupportsIndirectInputEvents = YES;
				INFOPLIST_KEY_UILaunchStoryboardName = LaunchScreen;
				INFOPLIST_KEY_UISupportedInterfaceOrientations = UIInterfaceOrientationPortrait;
				INFOPLIST_KEY_UISupportedInterfaceOrientations_iPad = "UIInterfaceOrientationLandscapeLeft UIInterfaceOrientationLandscapeRight UIInterfaceOrientationPortrait UIInterfaceOrientationPortraitUpsideDown";
				IPHONEOS_DEPLOYMENT_TARGET = 15.0;
				LD_RUNPATH_SEARCH_PATHS = (
					"$(inherited)",
					"@executable_path/Frameworks",
				);
				MARKETING_VERSION = 1.0;
				PRODUCT_BUNDLE_IDENTIFIER = ru.shishmakovaDaria.practicum.Notes;
				PRODUCT_NAME = "$(TARGET_NAME)";
				SUPPORTED_PLATFORMS = "iphoneos iphonesimulator";
				SUPPORTS_MACCATALYST = NO;
				SUPPORTS_MAC_DESIGNED_FOR_IPHONE_IPAD = NO;
				SWIFT_EMIT_LOC_STRINGS = YES;
				SWIFT_VERSION = 5.0;
				TARGETED_DEVICE_FAMILY = 1;
			};
			name = Release;
		};
/* End XCBuildConfiguration section */

/* Begin XCConfigurationList section */
		6137D0B72ACD8B6300185A71 /* Build configuration list for PBXProject "Notes" */ = {
			isa = XCConfigurationList;
			buildConfigurations = (
				6137D0CE2ACD8B6300185A71 /* Debug */,
				6137D0CF2ACD8B6300185A71 /* Release */,
			);
			defaultConfigurationIsVisible = 0;
			defaultConfigurationName = Release;
		};
		6137D0D02ACD8B6300185A71 /* Build configuration list for PBXNativeTarget "Notes" */ = {
			isa = XCConfigurationList;
			buildConfigurations = (
				6137D0D12ACD8B6300185A71 /* Debug */,
				6137D0D22ACD8B6300185A71 /* Release */,
			);
			defaultConfigurationIsVisible = 0;
			defaultConfigurationName = Release;
		};
/* End XCConfigurationList section */
	};
	rootObject = 6137D0B42ACD8B6300185A71 /* Project object */;
}
